
Microsoft Visual Studio Solution File, Format Version 12.00
# Visual Studio Version 16
VisualStudioVersion = 16.0.30114.105
MinimumVisualStudioVersion = 10.0.40219.1
Project("{F2A71F9B-5D33-465A-A702-920D77279786}") = "Library", "Library\Library.fsproj", "{52BA94C4-0F73-4D3C-A604-9A6261F38942}"
EndProject
Project("{F2A71F9B-5D33-465A-A702-920D77279786}") = "Application", "Application\Application.fsproj", "{8D25AB02-6136-4D80-9221-828CA0D76D35}"
EndProject
Project("{F2A71F9B-5D33-465A-A702-920D77279786}") = "Tests", "Tests\Tests.fsproj", "{04093A1D-E148-4770-8833-64CD21BD9DAB}"
EndProject
Global
	GlobalSection(SolutionConfigurationPlatforms) = preSolution
		Debug|Any CPU = Debug|Any CPU
		Release|Any CPU = Release|Any CPU
	EndGlobalSection
	GlobalSection(SolutionProperties) = preSolution
		HideSolutionNode = FALSE
	EndGlobalSection
	GlobalSection(ProjectConfigurationPlatforms) = postSolution
		{52BA94C4-0F73-4D3C-A604-9A6261F38942}.Debug|Any CPU.ActiveCfg = Debug|Any CPU
		{52BA94C4-0F73-4D3C-A604-9A6261F38942}.Debug|Any CPU.Build.0 = Debug|Any CPU
		{52BA94C4-0F73-4D3C-A604-9A6261F38942}.Release|Any CPU.ActiveCfg = Release|Any CPU
		{52BA94C4-0F73-4D3C-A604-9A6261F38942}.Release|Any CPU.Build.0 = Release|Any CPU
		{8D25AB02-6136-4D80-9221-828CA0D76D35}.Debug|Any CPU.ActiveCfg = Debug|Any CPU
		{8D25AB02-6136-4D80-9221-828CA0D76D35}.Debug|Any CPU.Build.0 = Debug|Any CPU
		{8D25AB02-6136-4D80-9221-828CA0D76D35}.Release|Any CPU.ActiveCfg = Release|Any CPU
		{8D25AB02-6136-4D80-9221-828CA0D76D35}.Release|Any CPU.Build.0 = Release|Any CPU
		{04093A1D-E148-4770-8833-64CD21BD9DAB}.Debug|Any CPU.ActiveCfg = Debug|Any CPU
		{04093A1D-E148-4770-8833-64CD21BD9DAB}.Debug|Any CPU.Build.0 = Debug|Any CPU
		{04093A1D-E148-4770-8833-64CD21BD9DAB}.Release|Any CPU.ActiveCfg = Release|Any CPU
		{04093A1D-E148-4770-8833-64CD21BD9DAB}.Release|Any CPU.Build.0 = Release|Any CPU
	EndGlobalSection
EndGlobal
